
Microsoft Visual Studio Solution File, Format Version 12.00
# Visual Studio Version 17
VisualStudioVersion = 17.8.34309.116
MinimumVisualStudioVersion = 10.0.40219.1
Project("{9A19103F-16F7-4668-BE54-9A1E7A4F7556}") = "IO.Swagger", "src\IO.Swagger\IO.Swagger.csproj", "{CA18AE2A-7A99-4E15-99D4-3C4889D0C229}"
EndProject
Project("{FAE04EC0-301F-11D3-BF4B-00C04F79EFBC}") = "IO.Tests", "UnitTests\IO.Tests.csproj", "{6E0CC9B6-4126-42EE-8964-E3E9A6435B88}"
EndProject
Global
	GlobalSection(SolutionConfigurationPlatforms) = preSolution
		Debug|Any CPU = Debug|Any CPU
		Release|Any CPU = Release|Any CPU
	EndGlobalSection
	GlobalSection(ProjectConfigurationPlatforms) = postSolution
		{CA18AE2A-7A99-4E15-99D4-3C4889D0C229}.Debug|Any CPU.ActiveCfg = Debug|Any CPU
		{CA18AE2A-7A99-4E15-99D4-3C4889D0C229}.Debug|Any CPU.Build.0 = Debug|Any CPU
		{CA18AE2A-7A99-4E15-99D4-3C4889D0C229}.Release|Any CPU.ActiveCfg = Release|Any CPU
		{CA18AE2A-7A99-4E15-99D4-3C4889D0C229}.Release|Any CPU.Build.0 = Release|Any CPU
		{6E0CC9B6-4126-42EE-8964-E3E9A6435B88}.Debug|Any CPU.ActiveCfg = Debug|Any CPU
		{6E0CC9B6-4126-42EE-8964-E3E9A6435B88}.Debug|Any CPU.Build.0 = Debug|Any CPU
		{6E0CC9B6-4126-42EE-8964-E3E9A6435B88}.Release|Any CPU.ActiveCfg = Release|Any CPU
		{6E0CC9B6-4126-42EE-8964-E3E9A6435B88}.Release|Any CPU.Build.0 = Release|Any CPU
	EndGlobalSection
	GlobalSection(SolutionProperties) = preSolution
		HideSolutionNode = FALSE
	EndGlobalSection
	GlobalSection(ExtensibilityGlobals) = postSolution
		SolutionGuid = {2EE744B4-3C17-4E35-83AA-8125A6BBAFB4}
	EndGlobalSection
EndGlobal
